{
  "version": 4,
  "terraform_version": "0.13.4",
  "serial": 442,
  "lineage": "3af9e240-9e54-dca3-9f85-1641fce49898",
  "outputs": {},
  "resources": [
    {
      "mode": "data",
      "type": "nsxt_policy_edge_cluster",
      "name": "edge_cluster",
      "provider": "provider[\"registry.terraform.io/vmware/nsxt\"]",
      "instances": [
        {
          "schema_version": 0,
          "attributes": {
            "description": "",
            "display_name": "edge-cluster-tf",
            "id": "9af1d4a2-c797-475d-bc5a-38f75ba69764",
            "path": "/infra/sites/default/enforcement-points/default/edge-clusters/9af1d4a2-c797-475d-bc5a-38f75ba69764",
            "site_path": null
          }
        }
      ]
    },
    {
      "mode": "data",
      "type": "nsxt_policy_edge_node",
      "name": "edge_node_1",
      "provider": "provider[\"registry.terraform.io/vmware/nsxt\"]",
      "instances": [
        {
          "schema_version": 0,
          "attributes": {
            "description": "",
            "display_name": "edge5-sa",
            "edge_cluster_path": "/infra/sites/default/enforcement-points/default/edge-clusters/9af1d4a2-c797-475d-bc5a-38f75ba69764",
            "id": "76743c5e-f6d3-11ea-8d71-005056a5abbf",
            "member_index": null,
            "path": "/infra/sites/default/enforcement-points/default/edge-clusters/9af1d4a2-c797-475d-bc5a-38f75ba69764/edge-nodes/76743c5e-f6d3-11ea-8d71-005056a5abbf"
          }
        }
      ]
    },
    {
      "mode": "data",
      "type": "nsxt_policy_edge_node",
      "name": "edge_node_2",
      "provider": "provider[\"registry.terraform.io/vmware/nsxt\"]",
      "instances": [
        {
          "schema_version": 0,
          "attributes": {
            "description": "",
            "display_name": "edge6-sa",
            "edge_cluster_path": "/infra/sites/default/enforcement-points/default/edge-clusters/9af1d4a2-c797-475d-bc5a-38f75ba69764",
            "id": "70c76e20-f6d3-11ea-99de-005056a5bbbf",
            "member_index": null,
            "path": "/infra/sites/default/enforcement-points/default/edge-clusters/9af1d4a2-c797-475d-bc5a-38f75ba69764/edge-nodes/70c76e20-f6d3-11ea-99de-005056a5bbbf"
          }
        }
      ]
    },
    {
      "mode": "data",
      "type": "nsxt_policy_service",
      "name": "http",
      "provider": "provider[\"registry.terraform.io/vmware/nsxt\"]",
      "instances": [
        {
          "schema_version": 0,
          "attributes": {
            "description": "HTTP",
            "display_name": "HTTP",
            "id": "HTTP",
            "path": "/infra/services/HTTP"
          }
        }
      ]
    },
    {
      "mode": "data",
      "type": "nsxt_policy_service",
      "name": "https",
      "provider": "provider[\"registry.terraform.io/vmware/nsxt\"]",
      "instances": [
        {
          "schema_version": 0,
          "attributes": {
            "description": "HTTPS",
            "display_name": "HTTPS",
            "id": "HTTPS",
            "path": "/infra/services/HTTPS"
          }
        }
      ]
    },
    {
      "mode": "data",
      "type": "nsxt_policy_service",
      "name": "ssh",
      "provider": "provider[\"registry.terraform.io/vmware/nsxt\"]",
      "instances": [
        {
          "schema_version": 0,
          "attributes": {
            "description": "SSH",
            "display_name": "SSH",
            "id": "SSH",
            "path": "/infra/services/SSH"
          }
        }
      ]
    },
    {
      "mode": "data",
      "type": "nsxt_policy_transport_zone",
      "name": "overlay_tz",
      "provider": "provider[\"registry.terraform.io/vmware/nsxt\"]",
      "instances": [
        {
          "schema_version": 0,
          "attributes": {
            "description": "",
            "display_name": "nsx-overlay-transportzone",
            "id": "1b3a2f36-bfd1-443e-a0f6-4de01abc963e",
            "is_default": true,
            "path": "/infra/sites/default/enforcement-points/default/transport-zones/1b3a2f36-bfd1-443e-a0f6-4de01abc963e",
            "site_path": null,
            "transport_type": "OVERLAY_STANDARD"
          }
        }
      ]
    },
    {
      "mode": "data",
      "type": "nsxt_policy_transport_zone",
      "name": "vlan_tz",
      "provider": "provider[\"registry.terraform.io/vmware/nsxt\"]",
      "instances": [
        {
          "schema_version": 0,
          "attributes": {
            "description": "",
            "display_name": "nsx-vlan-transportzone",
            "id": "a95c914d-748d-497c-94ab-10d4647daeba",
            "is_default": true,
            "path": "/infra/sites/default/enforcement-points/default/transport-zones/a95c914d-748d-497c-94ab-10d4647daeba",
            "site_path": null,
            "transport_type": "VLAN_BACKED"
          }
        }
      ]
    },
    {
      "mode": "managed",
      "type": "nsxt_policy_bgp_neighbor",
      "name": "router_a",
      "provider": "provider[\"registry.terraform.io/vmware/nsxt\"]",
      "instances": [
        {
          "schema_version": 0,
          "attributes": {
            "allow_as_in": false,
            "bfd_config": [
              {
                "enabled": true,
                "interval": 500,
                "multiple": 3
              }
            ],
            "bgp_path": "/infra/tier-0s/f3dbdb5d-ea2b-4c56-b23a-1fbd3bcc55d9/locale-services/default/bgp",
            "description": "Terraform provisioned BGP Neighbor Configuration",
            "display_name": "ToR-A",
            "graceful_restart_mode": "HELPER_ONLY",
            "hold_down_time": 12,
            "id": "e87514c9-fbdd-4a6e-8eeb-bd890d0810da",
            "keep_alive_time": 4,
            "maximum_hop_limit": 1,
            "neighbor_address": "10.10.100.1",
            "nsx_id": "e87514c9-fbdd-4a6e-8eeb-bd890d0810da",
            "password": null,
            "path": "/infra/tier-0s/f3dbdb5d-ea2b-4c56-b23a-1fbd3bcc55d9/locale-services/default/bgp/neighbors/e87514c9-fbdd-4a6e-8eeb-bd890d0810da",
            "remote_as_num": "65110",
            "revision": 0,
            "route_filtering": [
              {
                "address_family": "IPV4",
                "enabled": true,
                "in_route_filter": "",
                "maximum_routes": 0,
                "out_route_filter": ""
              }
            ],
            "source_addresses": [],
            "tag": []
          },
          "private": "bnVsbA==",
          "dependencies": [
            "data.nsxt_policy_edge_cluster.edge_cluster",
            "nsxt_policy_tier0_gateway.tier0_gw"
          ]
        }
      ]
    },
    {
      "mode": "managed",
      "type": "nsxt_policy_bgp_neighbor",
      "name": "router_b",
      "provider": "provider[\"registry.terraform.io/vmware/nsxt\"]",
      "instances": [
        {
          "schema_version": 0,
          "attributes": {
            "allow_as_in": false,
            "bfd_config": [
              {
                "enabled": true,
                "interval": 500,
                "multiple": 3
              }
            ],
            "bgp_path": "/infra/tier-0s/f3dbdb5d-ea2b-4c56-b23a-1fbd3bcc55d9/locale-services/default/bgp",
            "description": "Terraform provisioned BGP Neighbor Configuration",
            "display_name": "ToR-B",
            "graceful_restart_mode": "HELPER_ONLY",
            "hold_down_time": 12,
            "id": "03fa0242-3759-4cd3-b36b-ea00ddd06d6f",
            "keep_alive_time": 4,
            "maximum_hop_limit": 1,
            "neighbor_address": "10.10.101.1",
            "nsx_id": "03fa0242-3759-4cd3-b36b-ea00ddd06d6f",
            "password": null,
            "path": "/infra/tier-0s/f3dbdb5d-ea2b-4c56-b23a-1fbd3bcc55d9/locale-services/default/bgp/neighbors/03fa0242-3759-4cd3-b36b-ea00ddd06d6f",
            "remote_as_num": "65110",
            "revision": 1,
            "route_filtering": [
              {
                "address_family": "IPV4",
                "enabled": true,
                "in_route_filter": "",
                "maximum_routes": 0,
                "out_route_filter": ""
              }
            ],
            "source_addresses": [],
            "tag": []
          },
          "private": "bnVsbA==",
          "dependencies": [
            "nsxt_policy_tier0_gateway.tier0_gw"
          ]
        }
      ]
    },
    {
      "mode": "managed",
      "type": "nsxt_policy_group",
      "name": "app_servers",
      "provider": "provider[\"registry.terraform.io/vmware/nsxt\"]",
      "instances": [
        {
          "schema_version": 0,
          "attributes": {
            "conjunction": [],
            "criteria": [
              {
                "condition": [
                  {
                    "key": "Tag",
                    "member_type": "VirtualMachine",
                    "operator": "CONTAINS",
                    "value": "App"
                  }
                ],
                "ipaddress_expression": [],
                "macaddress_expression": [],
                "path_expression": []
              }
            ],
            "description": "Terraform provisioned Group",
            "display_name": "App Servers",
            "domain": "default",
            "extended_criteria": [],
            "id": "ebfdf85e-b518-4895-a5fd-d6273b62d72e",
            "nsx_id": "ebfdf85e-b518-4895-a5fd-d6273b62d72e",
            "path": "/infra/domains/default/groups/ebfdf85e-b518-4895-a5fd-d6273b62d72e",
            "revision": 0,
            "tag": []
          },
          "private": "bnVsbA=="
        }
      ]
    },
    {
      "mode": "managed",
      "type": "nsxt_policy_group",
      "name": "blue_servers",
      "provider": "provider[\"registry.terraform.io/vmware/nsxt\"]",
      "instances": [
        {
          "schema_version": 0,
          "attributes": {
            "conjunction": [],
            "criteria": [
              {
                "condition": [
                  {
                    "key": "Tag",
                    "member_type": "VirtualMachine",
                    "operator": "CONTAINS",
                    "value": "Blue"
                  }
                ],
                "ipaddress_expression": [],
                "macaddress_expression": [],
                "path_expression": []
              }
            ],
            "description": "Terraform provisioned Group",
            "display_name": "Blue Application",
            "domain": "default",
            "extended_criteria": [],
            "id": "5b29c993-bc72-43a4-b8e3-5cf19f8efb89",
            "nsx_id": "5b29c993-bc72-43a4-b8e3-5cf19f8efb89",
            "path": "/infra/domains/default/groups/5b29c993-bc72-43a4-b8e3-5cf19f8efb89",
            "revision": 0,
            "tag": []
          },
          "private": "bnVsbA=="
        }
      ]
    },
    {
      "mode": "managed",
      "type": "nsxt_policy_group",
      "name": "db_servers",
      "provider": "provider[\"registry.terraform.io/vmware/nsxt\"]",
      "instances": [
        {
          "schema_version": 0,
          "attributes": {
            "conjunction": [],
            "criteria": [
              {
                "condition": [
                  {
                    "key": "Tag",
                    "member_type": "VirtualMachine",
                    "operator": "CONTAINS",
                    "value": "DB"
                  }
                ],
                "ipaddress_expression": [],
                "macaddress_expression": [],
                "path_expression": []
              }
            ],
            "description": "Terraform provisioned Group",
            "display_name": "DB Servers",
            "domain": "default",
            "extended_criteria": [],
            "id": "afda9e35-0cbc-4f06-b162-9867eda5b9f0",
            "nsx_id": "afda9e35-0cbc-4f06-b162-9867eda5b9f0",
            "path": "/infra/domains/default/groups/afda9e35-0cbc-4f06-b162-9867eda5b9f0",
            "revision": 0,
            "tag": []
          },
          "private": "bnVsbA=="
        }
      ]
    },
    {
      "mode": "managed",
      "type": "nsxt_policy_group",
      "name": "web_servers",
      "provider": "provider[\"registry.terraform.io/vmware/nsxt\"]",
      "instances": [
        {
          "schema_version": 0,
          "attributes": {
            "conjunction": [],
            "criteria": [
              {
                "condition": [
                  {
                    "key": "Tag",
                    "member_type": "VirtualMachine",
                    "operator": "CONTAINS",
                    "value": "Web"
                  }
                ],
                "ipaddress_expression": [],
                "macaddress_expression": [],
                "path_expression": []
              }
            ],
            "description": "Terraform provisioned Group",
            "display_name": "Web Servers",
            "domain": "default",
            "extended_criteria": [],
            "id": "2dac18c0-5372-477d-93d9-34300703a364",
            "nsx_id": "2dac18c0-5372-477d-93d9-34300703a364",
            "path": "/infra/domains/default/groups/2dac18c0-5372-477d-93d9-34300703a364",
            "revision": 0,
            "tag": []
          },
          "private": "bnVsbA=="
        }
      ]
    },
    {
      "mode": "managed",
      "type": "nsxt_policy_security_policy",
      "name": "allow_blue",
      "provider": "provider[\"registry.terraform.io/vmware/nsxt\"]",
      "instances": [
        {
          "schema_version": 0,
          "attributes": {
            "category": "Application",
            "comments": "",
            "description": "Terraform provisioned Security Policy",
            "display_name": "Allow Blue Application",
            "domain": "default",
            "id": "fa6c690b-9561-436e-a9c8-a0531d6a1b3b",
            "locked": false,
            "nsx_id": "fa6c690b-9561-436e-a9c8-a0531d6a1b3b",
            "path": "/infra/domains/default/security-policies/fa6c690b-9561-436e-a9c8-a0531d6a1b3b",
            "revision": 0,
            "rule": [
              {
                "action": "ALLOW",
                "description": "",
                "destination_groups": [
                  "/infra/domains/default/groups/5b29c993-bc72-43a4-b8e3-5cf19f8efb89"
                ],
                "destinations_excluded": false,
                "direction": "IN_OUT",
                "disabled": false,
                "display_name": "Allow SSH to Blue Servers",
                "ip_version": "IPV4_IPV6",
                "log_label": "",
                "logged": true,
                "notes": "",
                "profiles": [],
                "revision": 0,
                "rule_id": 0,
                "scope": [
                  "/infra/domains/default/groups/5b29c993-bc72-43a4-b8e3-5cf19f8efb89"
                ],
                "sequence_number": 0,
                "services": [
                  "/infra/services/SSH"
                ],
                "source_groups": [],
                "sources_excluded": false,
                "tag": []
              },
              {
                "action": "ALLOW",
                "description": "",
                "destination_groups": [
                  "/infra/domains/default/groups/2dac18c0-5372-477d-93d9-34300703a364"
                ],
                "destinations_excluded": false,
                "direction": "IN_OUT",
                "disabled": false,
                "display_name": "Allow HTTPS to Web Servers",
                "ip_version": "IPV4_IPV6",
                "log_label": "",
                "logged": true,
                "notes": "",
                "profiles": [],
                "revision": 0,
                "rule_id": 0,
                "scope": [
                  "/infra/domains/default/groups/2dac18c0-5372-477d-93d9-34300703a364"
                ],
                "sequence_number": 1,
                "services": [
                  "/infra/services/HTTPS"
                ],
                "source_groups": [],
                "sources_excluded": false,
                "tag": []
              },
              {
                "action": "ALLOW",
                "description": "",
                "destination_groups": [
                  "/infra/domains/default/groups/ebfdf85e-b518-4895-a5fd-d6273b62d72e"
                ],
                "destinations_excluded": false,
                "direction": "IN_OUT",
                "disabled": false,
                "display_name": "Allow TCP 8443 to App Servers",
                "ip_version": "IPV4_IPV6",
                "log_label": "",
                "logged": true,
                "notes": "",
                "profiles": [],
                "revision": 0,
                "rule_id": 0,
                "scope": [
                  "/infra/domains/default/groups/2dac18c0-5372-477d-93d9-34300703a364",
                  "/infra/domains/default/groups/ebfdf85e-b518-4895-a5fd-d6273b62d72e"
                ],
                "sequence_number": 2,
                "services": [
                  "/infra/services/cea895e6-dcc5-4978-906d-d7d90e076fa5"
                ],
                "source_groups": [
                  "/infra/domains/default/groups/2dac18c0-5372-477d-93d9-34300703a364"
                ],
                "sources_excluded": false,
                "tag": []
              },
              {
                "action": "ALLOW",
                "description": "",
                "destination_groups": [
                  "/infra/domains/default/groups/afda9e35-0cbc-4f06-b162-9867eda5b9f0"
                ],
                "destinations_excluded": false,
                "direction": "IN_OUT",
                "disabled": false,
                "display_name": "Allow HTTP to DB Servers",
                "ip_version": "IPV4_IPV6",
                "log_label": "",
                "logged": true,
                "notes": "",
                "profiles": [],
                "revision": 0,
                "rule_id": 0,
                "scope": [
                  "/infra/domains/default/groups/afda9e35-0cbc-4f06-b162-9867eda5b9f0",
                  "/infra/domains/default/groups/ebfdf85e-b518-4895-a5fd-d6273b62d72e"
                ],
                "sequence_number": 3,
                "services": [
                  "/infra/services/HTTP"
                ],
                "source_groups": [
                  "/infra/domains/default/groups/ebfdf85e-b518-4895-a5fd-d6273b62d72e"
                ],
                "sources_excluded": false,
                "tag": []
              },
              {
                "action": "REJECT",
                "description": "",
                "destination_groups": [],
                "destinations_excluded": false,
                "direction": "IN_OUT",
                "disabled": false,
                "display_name": "Any Deny",
                "ip_version": "IPV4_IPV6",
                "log_label": "",
                "logged": false,
                "notes": "",
                "profiles": [],
                "revision": 0,
                "rule_id": 0,
                "scope": [
                  "/infra/domains/default/groups/5b29c993-bc72-43a4-b8e3-5cf19f8efb89"
                ],
                "sequence_number": 4,
                "services": [],
                "source_groups": [],
                "sources_excluded": false,
                "tag": []
              }
            ],
            "scope": [
              "/infra/domains/default/groups/2dac18c0-5372-477d-93d9-34300703a364"
            ],
            "sequence_number": 0,
            "stateful": true,
            "tag": [],
            "tcp_strict": false
          },
          "private": "bnVsbA==",
          "dependencies": [
            "data.nsxt_policy_service.http",
            "data.nsxt_policy_service.https",
            "data.nsxt_policy_service.ssh",
            "nsxt_policy_group.app_servers",
            "nsxt_policy_group.blue_servers",
            "nsxt_policy_group.db_servers",
            "nsxt_policy_group.web_servers",
            "nsxt_policy_service.service_tcp8443"
          ]
        }
      ]
    },
    {
      "mode": "managed",
      "type": "nsxt_policy_segment",
      "name": "tf_segment_app",
      "provider": "provider[\"registry.terraform.io/vmware/nsxt\"]",
      "instances": [
        {
          "schema_version": 0,
          "attributes": {
            "advanced_config": [],
            "connectivity_path": "/infra/tier-1s/predefined_id",
            "description": "Segment created by Terraform",
            "dhcp_config_path": "",
            "discovery_profile": [],
            "display_name": "TF-Segment-App",
            "domain_name": "",
            "id": "9f1a70c5-8359-4003-8cfa-2d64acb60eff",
            "l2_extension": [],
            "nsx_id": "9f1a70c5-8359-4003-8cfa-2d64acb60eff",
            "overlay_id": null,
            "path": "/infra/segments/9f1a70c5-8359-4003-8cfa-2d64acb60eff",
            "qos_profile": [],
            "revision": 0,
            "security_profile": [],
            "subnet": [
              {
                "cidr": "172.16.20.1/24",
                "dhcp_ranges": [],
                "dhcp_v4_config": [],
                "dhcp_v6_config": [],
                "network": "172.16.20.0/24"
              }
            ],
            "tag": [],
            "transport_zone_path": "/infra/sites/default/enforcement-points/default/transport-zones/1b3a2f36-bfd1-443e-a0f6-4de01abc963e"
          },
          "private": "bnVsbA==",
          "dependencies": [
            "data.nsxt_policy_edge_cluster.edge_cluster",
            "data.nsxt_policy_transport_zone.overlay_tz",
            "nsxt_policy_tier0_gateway.tier0_gw",
            "nsxt_policy_tier1_gateway.tier1_gw"
          ]
        }
      ]
    },
    {
      "mode": "managed",
      "type": "nsxt_policy_segment",
      "name": "tf_segment_db",
      "provider": "provider[\"registry.terraform.io/vmware/nsxt\"]",
      "instances": [
        {
          "schema_version": 0,
          "attributes": {
            "advanced_config": [],
            "connectivity_path": "/infra/tier-1s/predefined_id",
            "description": "Segment created by Terraform",
            "dhcp_config_path": "",
            "discovery_profile": [],
            "display_name": "TF-Segment-DB",
            "domain_name": "",
            "id": "83173467-4806-4cc6-bda8-cd3d57b33251",
            "l2_extension": [],
            "nsx_id": "83173467-4806-4cc6-bda8-cd3d57b33251",
            "overlay_id": null,
            "path": "/infra/segments/83173467-4806-4cc6-bda8-cd3d57b33251",
            "qos_profile": [],
            "revision": 0,
            "security_profile": [],
            "subnet": [
              {
                "cidr": "172.16.30.1/24",
                "dhcp_ranges": [],
                "dhcp_v4_config": [],
                "dhcp_v6_config": [],
                "network": "172.16.30.0/24"
              }
            ],
            "tag": [],
            "transport_zone_path": "/infra/sites/default/enforcement-points/default/transport-zones/1b3a2f36-bfd1-443e-a0f6-4de01abc963e"
          },
          "private": "bnVsbA==",
          "dependencies": [
            "data.nsxt_policy_edge_cluster.edge_cluster",
            "data.nsxt_policy_transport_zone.overlay_tz",
            "nsxt_policy_tier0_gateway.tier0_gw",
            "nsxt_policy_tier1_gateway.tier1_gw"
          ]
        }
      ]
    },
    {
      "mode": "managed",
      "type": "nsxt_policy_segment",
      "name": "tf_segment_web",
      "provider": "provider[\"registry.terraform.io/vmware/nsxt\"]",
      "instances": [
        {
          "schema_version": 0,
          "attributes": {
            "advanced_config": [],
            "connectivity_path": "/infra/tier-1s/predefined_id",
            "description": "Segment created by Terraform",
            "dhcp_config_path": "",
            "discovery_profile": [],
            "display_name": "TF-Segment-Web",
            "domain_name": "",
            "id": "6f31f20a-92bc-4fa7-b900-89a7613125bb",
            "l2_extension": [],
            "nsx_id": "6f31f20a-92bc-4fa7-b900-89a7613125bb",
            "overlay_id": null,
            "path": "/infra/segments/6f31f20a-92bc-4fa7-b900-89a7613125bb",
            "qos_profile": [],
            "revision": 0,
            "security_profile": [],
            "subnet": [
              {
                "cidr": "172.16.10.1/24",
                "dhcp_ranges": [],
                "dhcp_v4_config": [],
                "dhcp_v6_config": [],
                "network": "172.16.10.0/24"
              }
            ],
            "tag": [],
            "transport_zone_path": "/infra/sites/default/enforcement-points/default/transport-zones/1b3a2f36-bfd1-443e-a0f6-4de01abc963e"
          },
          "private": "bnVsbA==",
          "dependencies": [
            "data.nsxt_policy_edge_cluster.edge_cluster",
            "data.nsxt_policy_transport_zone.overlay_tz",
            "nsxt_policy_tier0_gateway.tier0_gw",
            "nsxt_policy_tier1_gateway.tier1_gw"
          ]
        }
      ]
    },
    {
      "mode": "managed",
      "type": "nsxt_policy_service",
      "name": "service_tcp8443",
      "provider": "provider[\"registry.terraform.io/vmware/nsxt\"]",
      "instances": [
        {
          "schema_version": 0,
          "attributes": {
            "algorithm_entry": [],
            "description": "HTTPS service provisioned by Terraform",
            "display_name": "TCP 8443",
            "ether_type_entry": [],
            "icmp_entry": [],
            "id": "cea895e6-dcc5-4978-906d-d7d90e076fa5",
            "igmp_entry": [],
            "ip_protocol_entry": [],
            "l4_port_set_entry": [
              {
                "description": "TCP port 8443 entry",
                "destination_ports": [
                  "8443"
                ],
                "display_name": "TCP8443",
                "protocol": "TCP",
                "source_ports": []
              }
            ],
            "nsx_id": "cea895e6-dcc5-4978-906d-d7d90e076fa5",
            "path": "/infra/services/cea895e6-dcc5-4978-906d-d7d90e076fa5",
            "revision": 0,
            "tag": [
              {
                "scope": "color",
                "tag": "blue"
              }
            ]
          },
          "private": "bnVsbA=="
        }
      ]
    },
    {
      "mode": "managed",
      "type": "nsxt_policy_tier0_gateway",
      "name": "tier0_gw",
      "provider": "provider[\"registry.terraform.io/vmware/nsxt\"]",
      "instances": [
        {
          "schema_version": 0,
          "attributes": {
            "bgp_config": [
              {
                "ecmp": true,
                "enabled": true,
                "graceful_restart_mode": "HELPER_ONLY",
                "graceful_restart_stale_route_timer": 600,
                "graceful_restart_timer": 180,
                "inter_sr_ibgp": true,
                "local_as_num": "65120",
                "multipath_relax": true,
                "path": "/infra/tier-0s/f3dbdb5d-ea2b-4c56-b23a-1fbd3bcc55d9/locale-services/default/bgp",
                "revision": 1,
                "route_aggregation": [],
                "tag": []
              }
            ],
            "default_rule_logging": false,
            "description": "Tier-0 provisioned by Terraform",
            "dhcp_config_path": null,
            "display_name": "t0-ecmp",
            "edge_cluster_path": "/infra/sites/default/enforcement-points/default/edge-clusters/9af1d4a2-c797-475d-bc5a-38f75ba69764",
            "enable_firewall": false,
            "failover_mode": "NON_PREEMPTIVE",
            "force_whitelisting": false,
            "ha_mode": "ACTIVE_ACTIVE",
            "id": "f3dbdb5d-ea2b-4c56-b23a-1fbd3bcc55d9",
            "internal_transit_subnets": [
              "169.254.0.0/24"
            ],
            "intersite_config": [],
            "ipv6_dad_profile_path": "/infra/ipv6-dad-profiles/default",
            "ipv6_ndra_profile_path": "/infra/ipv6-ndra-profiles/default",
            "locale_service": [],
            "nsx_id": "f3dbdb5d-ea2b-4c56-b23a-1fbd3bcc55d9",
            "path": "/infra/tier-0s/f3dbdb5d-ea2b-4c56-b23a-1fbd3bcc55d9",
            "redistribution_config": [],
            "revision": 0,
            "tag": [
              {
                "scope": "color",
                "tag": "blue"
              }
            ],
            "transit_subnets": [
              "100.64.0.0/16"
            ],
            "vrf_config": []
          },
          "private": "bnVsbA==",
          "dependencies": [
            "data.nsxt_policy_edge_cluster.edge_cluster"
          ]
        }
      ]
    },
    {
      "mode": "managed",
      "type": "nsxt_policy_tier0_gateway_interface",
      "name": "rp_en1_fa",
      "provider": "provider[\"registry.terraform.io/vmware/nsxt\"]",
      "instances": [
        {
          "schema_version": 0,
          "attributes": {
            "access_vlan_id": null,
            "description": "Edge Node 1 Router Port - Fabric A",
            "display_name": "rp-en1-fa",
            "edge_node_path": "/infra/sites/default/enforcement-points/default/edge-clusters/9af1d4a2-c797-475d-bc5a-38f75ba69764/edge-nodes/76743c5e-f6d3-11ea-8d71-005056a5abbf",
            "enable_pim": false,
            "gateway_path": "/infra/tier-0s/f3dbdb5d-ea2b-4c56-b23a-1fbd3bcc55d9",
            "id": "9913cbdc-781c-47fb-868f-f6cdf5ed324c",
            "ip_addresses": [
              "10.10.100.2"
            ],
            "ipv6_ndra_profile_path": null,
            "locale_service_id": "default",
            "mtu": 9000,
            "nsx_id": "9913cbdc-781c-47fb-868f-f6cdf5ed324c",
            "path": "/infra/tier-0s/f3dbdb5d-ea2b-4c56-b23a-1fbd3bcc55d9/locale-services/default/interfaces/9913cbdc-781c-47fb-868f-f6cdf5ed324c",
            "revision": 0,
            "segment_path": "/infra/segments/314953f5-56f3-4e0e-bf0c-47a07d8ccc27",
            "site_path": null,
            "subnets": [
              "10.10.100.2/28"
            ],
            "tag": [],
            "type": "EXTERNAL",
            "urpf_mode": "STRICT"
          },
          "private": "bnVsbA==",
          "dependencies": [
            "data.nsxt_policy_edge_cluster.edge_cluster",
            "data.nsxt_policy_edge_node.edge_node_1",
            "data.nsxt_policy_transport_zone.vlan_tz",
            "nsxt_policy_tier0_gateway.tier0_gw",
            "nsxt_policy_vlan_segment.edge_peer_a"
          ]
        }
      ]
    },
    {
      "mode": "managed",
      "type": "nsxt_policy_tier0_gateway_interface",
      "name": "rp_en1_fb",
      "provider": "provider[\"registry.terraform.io/vmware/nsxt\"]",
      "instances": [
        {
          "schema_version": 0,
          "attributes": {
            "access_vlan_id": null,
            "description": "Edge Node 1 Router Port - Fabric B",
            "display_name": "rp-en1-fb",
            "edge_node_path": "/infra/sites/default/enforcement-points/default/edge-clusters/9af1d4a2-c797-475d-bc5a-38f75ba69764/edge-nodes/76743c5e-f6d3-11ea-8d71-005056a5abbf",
            "enable_pim": false,
            "gateway_path": "/infra/tier-0s/f3dbdb5d-ea2b-4c56-b23a-1fbd3bcc55d9",
            "id": "b37382aa-4d82-4cc9-ba01-759060791f7e",
            "ip_addresses": [
              "10.10.101.2"
            ],
            "ipv6_ndra_profile_path": null,
            "locale_service_id": "default",
            "mtu": 9000,
            "nsx_id": "b37382aa-4d82-4cc9-ba01-759060791f7e",
            "path": "/infra/tier-0s/f3dbdb5d-ea2b-4c56-b23a-1fbd3bcc55d9/locale-services/default/interfaces/b37382aa-4d82-4cc9-ba01-759060791f7e",
            "revision": 0,
            "segment_path": "/infra/segments/794e1e2d-736f-4426-bdcf-6756ab6dc131",
            "site_path": null,
            "subnets": [
              "10.10.101.2/28"
            ],
            "tag": [],
            "type": "EXTERNAL",
            "urpf_mode": "STRICT"
          },
          "private": "bnVsbA==",
          "dependencies": [
            "data.nsxt_policy_edge_cluster.edge_cluster",
            "data.nsxt_policy_edge_node.edge_node_1",
            "data.nsxt_policy_transport_zone.vlan_tz",
            "nsxt_policy_tier0_gateway.tier0_gw",
            "nsxt_policy_vlan_segment.edge_peer_b"
          ]
        }
      ]
    },
    {
      "mode": "managed",
      "type": "nsxt_policy_tier0_gateway_interface",
      "name": "rp_en2_fa",
      "provider": "provider[\"registry.terraform.io/vmware/nsxt\"]",
      "instances": [
        {
          "schema_version": 0,
          "attributes": {
            "access_vlan_id": null,
            "description": "Edge Node 2 Router Port - Fabric A",
            "display_name": "rp-en2-fa",
            "edge_node_path": "/infra/sites/default/enforcement-points/default/edge-clusters/9af1d4a2-c797-475d-bc5a-38f75ba69764/edge-nodes/70c76e20-f6d3-11ea-99de-005056a5bbbf",
            "enable_pim": false,
            "gateway_path": "/infra/tier-0s/f3dbdb5d-ea2b-4c56-b23a-1fbd3bcc55d9",
            "id": "190e7563-c8f8-4a14-9921-7957dc1bd59a",
            "ip_addresses": [
              "10.10.100.3"
            ],
            "ipv6_ndra_profile_path": null,
            "locale_service_id": "default",
            "mtu": 9000,
            "nsx_id": "190e7563-c8f8-4a14-9921-7957dc1bd59a",
            "path": "/infra/tier-0s/f3dbdb5d-ea2b-4c56-b23a-1fbd3bcc55d9/locale-services/default/interfaces/190e7563-c8f8-4a14-9921-7957dc1bd59a",
            "revision": 0,
            "segment_path": "/infra/segments/314953f5-56f3-4e0e-bf0c-47a07d8ccc27",
            "site_path": null,
            "subnets": [
              "10.10.100.3/28"
            ],
            "tag": [],
            "type": "EXTERNAL",
            "urpf_mode": "STRICT"
          },
          "private": "bnVsbA==",
          "dependencies": [
            "data.nsxt_policy_edge_cluster.edge_cluster",
            "data.nsxt_policy_edge_node.edge_node_2",
            "data.nsxt_policy_transport_zone.vlan_tz",
            "nsxt_policy_tier0_gateway.tier0_gw",
            "nsxt_policy_vlan_segment.edge_peer_a"
          ]
        }
      ]
    },
    {
      "mode": "managed",
      "type": "nsxt_policy_tier0_gateway_interface",
      "name": "rp_en2_fb",
      "provider": "provider[\"registry.terraform.io/vmware/nsxt\"]",
      "instances": [
        {
          "schema_version": 0,
          "attributes": {
            "access_vlan_id": null,
            "description": "Edge Node 2 Router Port - Fabric B",
            "display_name": "rp-en2-fb",
            "edge_node_path": "/infra/sites/default/enforcement-points/default/edge-clusters/9af1d4a2-c797-475d-bc5a-38f75ba69764/edge-nodes/70c76e20-f6d3-11ea-99de-005056a5bbbf",
            "enable_pim": false,
            "gateway_path": "/infra/tier-0s/f3dbdb5d-ea2b-4c56-b23a-1fbd3bcc55d9",
            "id": "bd4ca716-5d44-4b18-9698-4cba45b3820b",
            "ip_addresses": [
              "10.10.101.3"
            ],
            "ipv6_ndra_profile_path": null,
            "locale_service_id": "default",
            "mtu": 9000,
            "nsx_id": "bd4ca716-5d44-4b18-9698-4cba45b3820b",
            "path": "/infra/tier-0s/f3dbdb5d-ea2b-4c56-b23a-1fbd3bcc55d9/locale-services/default/interfaces/bd4ca716-5d44-4b18-9698-4cba45b3820b",
            "revision": 0,
            "segment_path": "/infra/segments/794e1e2d-736f-4426-bdcf-6756ab6dc131",
            "site_path": null,
            "subnets": [
              "10.10.101.3/28"
            ],
            "tag": [],
            "type": "EXTERNAL",
            "urpf_mode": "STRICT"
          },
          "private": "bnVsbA==",
          "dependencies": [
            "data.nsxt_policy_edge_cluster.edge_cluster",
            "data.nsxt_policy_edge_node.edge_node_2",
            "data.nsxt_policy_transport_zone.vlan_tz",
            "nsxt_policy_tier0_gateway.tier0_gw",
            "nsxt_policy_vlan_segment.edge_peer_b"
          ]
        }
      ]
    },
    {
      "mode": "managed",
      "type": "nsxt_policy_tier1_gateway",
      "name": "tier1_gw",
      "provider": "provider[\"registry.terraform.io/vmware/nsxt\"]",
      "instances": [
        {
          "schema_version": 0,
          "attributes": {
            "default_rule_logging": false,
            "description": "Tier-1 provisioned by Terraform",
            "dhcp_config_path": null,
            "display_name": "TF-Tier-1-01",
            "edge_cluster_path": "",
            "egress_qos_profile_path": null,
            "enable_firewall": true,
            "enable_standby_relocation": false,
            "failover_mode": "NON_PREEMPTIVE",
            "force_whitelisting": true,
            "id": "predefined_id",
            "ingress_qos_profile_path": null,
            "intersite_config": [],
            "ipv6_dad_profile_path": "/infra/ipv6-dad-profiles/default",
            "ipv6_ndra_profile_path": "/infra/ipv6-ndra-profiles/default",
            "locale_service": [],
            "nsx_id": "predefined_id",
            "path": "/infra/tier-1s/predefined_id",
            "pool_allocation": "ROUTING",
            "revision": 0,
            "route_advertisement_rule": [
              {
                "action": "PERMIT",
                "name": "Tier 1 Networks",
                "prefix_operator": "GE",
                "route_advertisement_types": [
                  "TIER1_CONNECTED"
                ],
                "subnets": [
                  "172.16.10.0/24",
                  "172.16.20.0/24",
                  "172.16.30.0/24"
                ]
              }
            ],
            "route_advertisement_types": [
              "TIER1_CONNECTED",
              "TIER1_STATIC_ROUTES"
            ],
            "tag": [
              {
                "scope": "color",
                "tag": "blue"
              }
            ],
            "tier0_path": "/infra/tier-0s/f3dbdb5d-ea2b-4c56-b23a-1fbd3bcc55d9"
          },
          "private": "bnVsbA==",
          "dependencies": [
            "data.nsxt_policy_edge_cluster.edge_cluster",
            "nsxt_policy_tier0_gateway.tier0_gw"
          ]
        }
      ]
    },
    {
      "mode": "managed",
      "type": "nsxt_policy_vlan_segment",
      "name": "edge_peer_a",
      "provider": "provider[\"registry.terraform.io/vmware/nsxt\"]",
      "instances": [
        {
          "schema_version": 0,
          "attributes": {
            "advanced_config": [],
            "description": "VLAN Segment created by Terraform",
            "dhcp_config_path": "",
            "discovery_profile": [],
            "display_name": "seg-fa-bgp-vl100",
            "domain_name": "",
            "id": "314953f5-56f3-4e0e-bf0c-47a07d8ccc27",
            "l2_extension": [],
            "nsx_id": "314953f5-56f3-4e0e-bf0c-47a07d8ccc27",
            "path": "/infra/segments/314953f5-56f3-4e0e-bf0c-47a07d8ccc27",
            "qos_profile": [],
            "revision": 0,
            "security_profile": [],
            "subnet": [],
            "tag": [],
            "transport_zone_path": "/infra/sites/default/enforcement-points/default/transport-zones/a95c914d-748d-497c-94ab-10d4647daeba",
            "vlan_ids": [
              "100"
            ]
          },
          "private": "bnVsbA==",
          "dependencies": [
            "data.nsxt_policy_transport_zone.vlan_tz"
          ]
        }
      ]
    },
    {
      "mode": "managed",
      "type": "nsxt_policy_vlan_segment",
      "name": "edge_peer_b",
      "provider": "provider[\"registry.terraform.io/vmware/nsxt\"]",
      "instances": [
        {
          "schema_version": 0,
          "attributes": {
            "advanced_config": [],
            "description": "VLAN Segment created by Terraform",
            "dhcp_config_path": "",
            "discovery_profile": [],
            "display_name": "seg-fb-bgp-vl101",
            "domain_name": "",
            "id": "794e1e2d-736f-4426-bdcf-6756ab6dc131",
            "l2_extension": [],
            "nsx_id": "794e1e2d-736f-4426-bdcf-6756ab6dc131",
            "path": "/infra/segments/794e1e2d-736f-4426-bdcf-6756ab6dc131",
            "qos_profile": [],
            "revision": 0,
            "security_profile": [],
            "subnet": [],
            "tag": [],
            "transport_zone_path": "/infra/sites/default/enforcement-points/default/transport-zones/a95c914d-748d-497c-94ab-10d4647daeba",
            "vlan_ids": [
              "101"
            ]
          },
          "private": "bnVsbA==",
          "dependencies": [
            "data.nsxt_policy_transport_zone.vlan_tz"
          ]
        }
      ]
    }
  ]
}
